github.com/1f349/violet v0.0.7 h1:FxCAIVjzUzkgGfhGMX7FcvGj+kaJky45PnLfqKNgA8M=
github.com/1f349/violet v0.0.7/go.mod h1:YfKZX9p55Uot8iSDnbqQbAgU717H0rFNo8ieu2wbxI4=
github.com/MrMelon54/exit-reload v0.0.1 h1:sxHa59tNEQMcikwuX2+93lw6Vi1+R7oCRF8a0C3alXc=
github.com/MrMelon54/exit-reload v0.0.1/go.mod h1:PLiSfmUzwdpTTQP3BBfUPhkqPwaIZjx0DuXBnM76Bug=
github.com/MrMelon54/mjwt v0.1.1 h1:m+aTpxbhQCrOPKHN170DQMFR5r938LkviU38unob5Jw=
github.com/MrMelon54/mjwt v0.1.1/go.mod h1:oYrDBWK09Hju98xb+bRQ0wy+RuAzacxYvKYOZchR2Tk=
github.com/creack/pty v1.1.9/go.mod h1:oKZEueFk5CKHvIhNR5MUki03XCEU+Q6VDXinZuGJ33E=
github.com/davecgh/go-spew v1.1.1 h1:vj9j/u1bqnvCEfJOwUhtlOARqs3+rkHYY13jYWTU97c=
github.com/davecgh/go-spew v1.1.1/go.mod h1:J7Y8YcW2NihsgmVo/mv3lAwl/skON4iLHjSsI+c5H38=
github.com/emersion/go-imap v1.2.1 h1:+s9ZjMEjOB8NzZMVTM3cCenz2JrQIGGo5j1df19WjTA=
github.com/emersion/go-imap v1.2.1/go.mod h1:Qlx1FSx2FTxjnjWpIlVNEuX+ylerZQNFE5NsmKFSejY=
github.com/emersion/go-message v0.15.0/go.mod h1:wQUEfE+38+7EW8p8aZ96ptg6bAb1iwdgej19uXASlE4=
github.com/emersion/go-message v0.16.0 h1:uZLz8ClLv3V5fSFF/fFdW9jXjrZkXIpE1Fn8fKx7pO4=
github.com/emersion/go-message v0.16.0/go.mod h1:pDJDgf/xeUIF+eicT6B/hPX/ZbEorKkUMPOxrPVG2eQ=
github.com/emersion/go-sasl v0.0.0-20200509203442-7bfe0ed36a21/go.mod h1:iL2twTeMvZnrg54ZoPDNfJaJaqy0xIQFuBdrLsmspwQ=
github.com/emersion/go-sasl v0.0.0-20220912192320-0145f2c60ead h1:fI1Jck0vUrXT8bnphprS1EoVRe2Q5CKCX8iDlpqjQ/Y=
github.com/emersion/go-sasl v0.0.0-20220912192320-0145f2c60ead/go.mod h1:iL2twTeMvZnrg54ZoPDNfJaJaqy0xIQFuBdrLsmspwQ=
github.com/emersion/go-smtp v0.17.0 h1:tq90evlrcyqRfE6DSXaWVH54oX6OuZOQECEmhWBMEtI=
github.com/emersion/go-smtp v0.17.0/go.mod h1:qm27SGYgoIPRot6ubfQ/GpiPy/g3PaZAVRxiO/sDUgQ=
github.com/emersion/go-textwrapper v0.0.0-20200911093747-65d896831594 h1:IbFBtwoTQyw0fIM5xv1HF+Y+3ZijDR839WMulgxCcUY=
github.com/emersion/go-textwrapper v0.0.0-20200911093747-65d896831594/go.mod h1:aqO8z8wPrjkscevZJFVE1wXJrLpC5LtJG7fqLOsPb2U=
github.com/go-sql-driver/mysql v1.7.1 h1:lUIinVbN1DY0xBg0eMOzmmtGoHwWBbvnWubQUrtU8EI=
github.com/go-sql-driver/mysql v1.7.1/go.mod h1:OXbVy3sEdcQ2Doequ6Z5BW6fXNQTmx+9S1MCJN5yJMI=
github.com/golang-jwt/jwt/v4 v4.5.0 h1:7cYmW1XlMY7h7ii7UhUyChSgS5wUJEnm9uZVTGqOWzg=
github.com/golang-jwt/jwt/v4 v4.5.0/go.mod h1:m21LjoU+eqJr34lmDMbreY2eSTRJ1cv77w39/MY0Ch0=
github.com/hydrogen18/memlistener v1.0.0 h1:JR7eDj8HD6eXrc5fWLbSUnfcQFL06PYvCc0DKQnWfaU=
github.com/hydrogen18/memlistener v1.0.0/go.mod h1:qEIFzExnS6016fRpRfxrExeVn2gbClQA99gQhnIcdhE=
github.com/julienschmidt/httprouter v1.3.0 h1:U0609e9tgbseu3rBINet9P48AI/D3oJs4dN7jwJOQ1U=
github.com/julienschmidt/httprouter v1.3.0/go.mod h1:JR6WtHb+2LUe8TCKY3cZOxFyyO8IZAc4RVcycCCAKdM=
github.com/kr/pretty v0.1.0 h1:L/CwN0zerZDmRFUapSPitk6f+Q3+0za1rQkzVuMiMFI=
github.com/kr/pretty v0.1.0/go.mod h1:dAy3ld7l9f0ibDNOQOHHMYYIIbhfbHSm3C4ZsoJORNo=
github.com/kr/text v0.2.0 h1:5Nx0Ya0ZqY2ygV366QzturHI13Jq95ApcVaJBhpS+AY=
github.com/kr/text v0.2.0/go.mod h1:eLer722TekiGuMkidMxC/pM04lWEeraHUUmBw8l2grE=
github.com/pkg/errors v0.9.1 h1:FEBLx1zS214owpjy7qsBeixbURkuhQAwrK5UwLGTwt4=
github.com/pkg/errors v0.9.1/go.mod h1:bwawxfHBFNV+L2hUp1rHADufV3IMtnDRdf1r5NINEl0=
github.com/pmezard/go-difflib v1.0.0 h1:4DBwDE0NGyQoBHbLQYPwSUPoCMWR5BEzIk/f1lZbAQM=
github.com/pmezard/go-difflib v1.0.0/go.mod h1:iKH77koFhYxTK1pcRnkKkqfTogsbg7gZNVY4sRDYZ/4=
github.com/stretchr/testify v1.8.4 h1:CcVxjf3Q8PM0mHUKJCdn+eZZtm5yQwehR5yeSVQQcUk=
github.com/stretchr/testify v1.8.4/go.mod h1:sz/lmYIOXD/1dqDmKjjqLyZ2RngseejIcXlSw2iwfAo=
golang.org/x/text v0.3.6/go.mod h1:5Zoc/QRtKVWzQhOtBMvqHzDpF6irO9z98xDceosuGiQ=
golang.org/x/text v0.3.7/go.mod h1:u+2+/6zg+i71rQMx5EYifcz6MCKuco9NR6JIITiCfzQ=
golang.org/x/text v0.12.0 h1:k+n5B8goJNdU7hSvEtMUz3d1Q6D/XW4COJSJR6fN0mc=
golang.org/x/text v0.12.0/go.mod h1:TvPlkZtksWOMsz7fbANvkp4WM8x/WCo/om8BMLbz+aE=
golang.org/x/tools v0.0.0-20180917221912-90fa682c2a6e/go.mod h1:n7NCudcB/nEzxVGmLbDWY5pfWTLqBcC2KZ6jyYvM4mQ=
gopkg.in/check.v1 v0.0.0-20161208181325-20d25e280405/go.mod h1:Co6ibVJAznAaIkqp8huTwlJQCZ016jof/cbN4VW5Yz0=
gopkg.in/check.v1 v1.0.0-20180628173108-788fd7840127 h1:qIbj1fsPNlZgppZ+VLlY7N33q108Sa+fhmuc+sWQYwY=
gopkg.in/check.v1 v1.0.0-20180628173108-788fd7840127/go.mod h1:Co6ibVJAznAaIkqp8huTwlJQCZ016jof/cbN4VW5Yz0=
gopkg.in/yaml.v3 v3.0.1 h1:fxVm/GzAzEWqLHuvctI91KS9hhNmmWOoWu0XTYJS7CA=
gopkg.in/yaml.v3 v3.0.1/go.mod h1:K4uyk7z7BCEPqu6E+C64Yfv1cQ7kz7rIZviUmN+EgEM=
